
Microsoft Visual Studio Solution File, Format Version 12.00
# Visual Studio 15
Project("{FAE04EC0-301F-11D3-BF4B-00C04F79EFBC}") = "Assembly-CSharp", "Assembly-CSharp.csproj", "{F81383A4-F401-08E1-314F-2EBF05E5B1F6}"
EndProject
Project("{FAE04EC0-301F-11D3-BF4B-00C04F79EFBC}") = "PhotonUnityNetworking.Utilities", "PhotonUnityNetworking.Utilities.csproj", "{4EFE87EE-0BC2-31A7-A73E-FB94FC434FF8}"
EndProject
Project("{FAE04EC0-301F-11D3-BF4B-00C04F79EFBC}") = "Assembly-CSharp-firstpass", "Assembly-CSharp-firstpass.csproj", "{58AFFFD7-E766-5219-0599-81707FCC5E3B}"
EndProject
Project("{FAE04EC0-301F-11D3-BF4B-00C04F79EFBC}") = "PhotonChat", "PhotonChat.csproj", "{646A7867-81A5-219E-CB2C-D850ABE7D8B6}"
EndProject
Project("{FAE04EC0-301F-11D3-BF4B-00C04F79EFBC}") = "PhotonUnityNetworking", "PhotonUnityNetworking.csproj", "{C05976A7-62B7-8AC3-E196-BC78B82A058D}"
EndProject
Project("{FAE04EC0-301F-11D3-BF4B-00C04F79EFBC}") = "PhotonRealtime", "PhotonRealtime.csproj", "{948EE126-BB62-911F-169B-BB692BCC260D}"
EndProject
Project("{FAE04EC0-301F-11D3-BF4B-00C04F79EFBC}") = "PhotonWebSocket", "PhotonWebSocket.csproj", "{5420F71A-3135-30A8-648B-14F48569D42F}"
EndProject
Project("{FAE04EC0-301F-11D3-BF4B-00C04F79EFBC}") = "Assembly-CSharp-Editor-firstpass", "Assembly-CSharp-Editor-firstpass.csproj", "{57BCAE8E-2D10-5C24-272A-CB93E5EFCFC3}"
EndProject
Project("{FAE04EC0-301F-11D3-BF4B-00C04F79EFBC}") = "PhotonUnityNetworking.Editor", "PhotonUnityNetworking.Editor.csproj", "{1EC63E5B-A6DD-77D1-7EE1-E65E5B66A93F}"
EndProject
Project("{FAE04EC0-301F-11D3-BF4B-00C04F79EFBC}") = "PhotonUnityNetworking.Utilities.PhotonPlayer.Editor", "PhotonUnityNetworking.Utilities.PhotonPlayer.Editor.csproj", "{595E44EE-5063-19B4-FD6A-172E2A0A9663}"
EndProject
Project("{FAE04EC0-301F-11D3-BF4B-00C04F79EFBC}") = "PhotonUnityNetworking.Utilities.Culling.Editor", "PhotonUnityNetworking.Utilities.Culling.Editor.csproj", "{78A15483-9174-C2C5-2917-FCE7ADEAF514}"
EndProject
Global
	GlobalSection(SolutionConfigurationPlatforms) = preSolution
		Debug|Any CPU = Debug|Any CPU
		Release|Any CPU = Release|Any CPU
	EndGlobalSection
	GlobalSection(ProjectConfigurationPlatforms) = postSolution
		{F81383A4-F401-08E1-314F-2EBF05E5B1F6}.Debug|Any CPU.ActiveCfg = Debug|Any CPU
		{F81383A4-F401-08E1-314F-2EBF05E5B1F6}.Debug|Any CPU.Build.0 = Debug|Any CPU
		{F81383A4-F401-08E1-314F-2EBF05E5B1F6}.Release|Any CPU.ActiveCfg = Release|Any CPU
		{F81383A4-F401-08E1-314F-2EBF05E5B1F6}.Release|Any CPU.Build.0 = Release|Any CPU
		{4EFE87EE-0BC2-31A7-A73E-FB94FC434FF8}.Debug|Any CPU.ActiveCfg = Debug|Any CPU
		{4EFE87EE-0BC2-31A7-A73E-FB94FC434FF8}.Debug|Any CPU.Build.0 = Debug|Any CPU
		{4EFE87EE-0BC2-31A7-A73E-FB94FC434FF8}.Release|Any CPU.ActiveCfg = Release|Any CPU
		{4EFE87EE-0BC2-31A7-A73E-FB94FC434FF8}.Release|Any CPU.Build.0 = Release|Any CPU
		{58AFFFD7-E766-5219-0599-81707FCC5E3B}.Debug|Any CPU.ActiveCfg = Debug|Any CPU
		{58AFFFD7-E766-5219-0599-81707FCC5E3B}.Debug|Any CPU.Build.0 = Debug|Any CPU
		{58AFFFD7-E766-5219-0599-81707FCC5E3B}.Release|Any CPU.ActiveCfg = Release|Any CPU
		{58AFFFD7-E766-5219-0599-81707FCC5E3B}.Release|Any CPU.Build.0 = Release|Any CPU
		{646A7867-81A5-219E-CB2C-D850ABE7D8B6}.Debug|Any CPU.ActiveCfg = Debug|Any CPU
		{646A7867-81A5-219E-CB2C-D850ABE7D8B6}.Debug|Any CPU.Build.0 = Debug|Any CPU
		{646A7867-81A5-219E-CB2C-D850ABE7D8B6}.Release|Any CPU.ActiveCfg = Release|Any CPU
		{646A7867-81A5-219E-CB2C-D850ABE7D8B6}.Release|Any CPU.Build.0 = Release|Any CPU
		{C05976A7-62B7-8AC3-E196-BC78B82A058D}.Debug|Any CPU.ActiveCfg = Debug|Any CPU
		{C05976A7-62B7-8AC3-E196-BC78B82A058D}.Debug|Any CPU.Build.0 = Debug|Any CPU
		{C05976A7-62B7-8AC3-E196-BC78B82A058D}.Release|Any CPU.ActiveCfg = Release|Any CPU
		{C05976A7-62B7-8AC3-E196-BC78B82A058D}.Release|Any CPU.Build.0 = Release|Any CPU
		{948EE126-BB62-911F-169B-BB692BCC260D}.Debug|Any CPU.ActiveCfg = Debug|Any CPU
		{948EE126-BB62-911F-169B-BB692BCC260D}.Debug|Any CPU.Build.0 = Debug|Any CPU
		{948EE126-BB62-911F-169B-BB692BCC260D}.Release|Any CPU.ActiveCfg = Release|Any CPU
		{948EE126-BB62-911F-169B-BB692BCC260D}.Release|Any CPU.Build.0 = Release|Any CPU
		{5420F71A-3135-30A8-648B-14F48569D42F}.Debug|Any CPU.ActiveCfg = Debug|Any CPU
		{5420F71A-3135-30A8-648B-14F48569D42F}.Debug|Any CPU.Build.0 = Debug|Any CPU
		{5420F71A-3135-30A8-648B-14F48569D42F}.Release|Any CPU.ActiveCfg = Release|Any CPU
		{5420F71A-3135-30A8-648B-14F48569D42F}.Release|Any CPU.Build.0 = Release|Any CPU
		{57BCAE8E-2D10-5C24-272A-CB93E5EFCFC3}.Debug|Any CPU.ActiveCfg = Debug|Any CPU
		{57BCAE8E-2D10-5C24-272A-CB93E5EFCFC3}.Debug|Any CPU.Build.0 = Debug|Any CPU
		{57BCAE8E-2D10-5C24-272A-CB93E5EFCFC3}.Release|Any CPU.ActiveCfg = Release|Any CPU
		{57BCAE8E-2D10-5C24-272A-CB93E5EFCFC3}.Release|Any CPU.Build.0 = Release|Any CPU
		{1EC63E5B-A6DD-77D1-7EE1-E65E5B66A93F}.Debug|Any CPU.ActiveCfg = Debug|Any CPU
		{1EC63E5B-A6DD-77D1-7EE1-E65E5B66A93F}.Debug|Any CPU.Build.0 = Debug|Any CPU
		{1EC63E5B-A6DD-77D1-7EE1-E65E5B66A93F}.Release|Any CPU.ActiveCfg = Release|Any CPU
		{1EC63E5B-A6DD-77D1-7EE1-E65E5B66A93F}.Release|Any CPU.Build.0 = Release|Any CPU
		{595E44EE-5063-19B4-FD6A-172E2A0A9663}.Debug|Any CPU.ActiveCfg = Debug|Any CPU
		{595E44EE-5063-19B4-FD6A-172E2A0A9663}.Debug|Any CPU.Build.0 = Debug|Any CPU
		{595E44EE-5063-19B4-FD6A-172E2A0A9663}.Release|Any CPU.ActiveCfg = Release|Any CPU
		{595E44EE-5063-19B4-FD6A-172E2A0A9663}.Release|Any CPU.Build.0 = Release|Any CPU
		{78A15483-9174-C2C5-2917-FCE7ADEAF514}.Debug|Any CPU.ActiveCfg = Debug|Any CPU
		{78A15483-9174-C2C5-2917-FCE7ADEAF514}.Debug|Any CPU.Build.0 = Debug|Any CPU
		{78A15483-9174-C2C5-2917-FCE7ADEAF514}.Release|Any CPU.ActiveCfg = Release|Any CPU
		{78A15483-9174-C2C5-2917-FCE7ADEAF514}.Release|Any CPU.Build.0 = Release|Any CPU
	EndGlobalSection
	GlobalSection(SolutionProperties) = preSolution
		HideSolutionNode = FALSE
	EndGlobalSection
EndGlobal
